version: 6
environments:
  default:
    channels:
    - url: https://conda.anaconda.org/conda-forge/
    packages:
      osx-arm64:
      - conda: https://conda.anaconda.org/conda-forge/osx-arm64/bzip2-1.0.8-h99b78c6_7.conda
      - conda: https://conda.anaconda.org/conda-forge/osx-arm64/ca-certificates-2025.1.31-hf0a4a13_0.conda
      - conda: https://conda.anaconda.org/conda-forge/osx-arm64/libblas-3.9.0-31_h10e41b3_openblas.conda
      - conda: https://conda.anaconda.org/conda-forge/osx-arm64/libcblas-3.9.0-31_hb3479ef_openblas.conda
      - conda: https://conda.anaconda.org/conda-forge/osx-arm64/libcxx-20.1.1-ha82da77_0.conda
      - conda: https://conda.anaconda.org/conda-forge/osx-arm64/libffi-3.4.2-h3422bc3_5.tar.bz2
      - conda: https://conda.anaconda.org/conda-forge/osx-arm64/libgfortran-5.0.0-13_2_0_hd922786_3.conda
      - conda: https://conda.anaconda.org/conda-forge/osx-arm64/libgfortran5-13.2.0-hf226fd6_3.conda
      - conda: https://conda.anaconda.org/conda-forge/osx-arm64/liblapack-3.9.0-31_hc9a63f6_openblas.conda
      - conda: https://conda.anaconda.org/conda-forge/osx-arm64/liblzma-5.6.4-h39f12f2_0.conda
      - conda: https://conda.anaconda.org/conda-forge/osx-arm64/liblzma-devel-5.6.4-h39f12f2_0.conda
      - conda: https://conda.anaconda.org/conda-forge/osx-arm64/libopenblas-0.3.29-openmp_hf332438_0.conda
      - conda: https://conda.anaconda.org/conda-forge/osx-arm64/libsqlite-3.49.1-h3f77e49_2.conda
      - conda: https://conda.anaconda.org/conda-forge/osx-arm64/libzlib-1.3.1-h8359307_2.conda
      - conda: https://conda.anaconda.org/conda-forge/osx-arm64/llvm-openmp-20.1.1-hdb05f8b_1.conda
      - conda: https://conda.anaconda.org/conda-forge/osx-arm64/ncurses-6.5-h5e97a16_3.conda
      - conda: https://conda.anaconda.org/conda-forge/osx-arm64/numpy-2.2.4-py311h762c074_0.conda
      - conda: https://conda.anaconda.org/conda-forge/osx-arm64/openssl-3.0.16-h81ee809_0.conda
      - conda: https://conda.anaconda.org/conda-forge/osx-arm64/python-3.11.0-h3ba56d0_1_cpython.conda
      - conda: https://conda.anaconda.org/conda-forge/osx-arm64/python_abi-3.11-5_cp311.conda
      - conda: https://conda.anaconda.org/conda-forge/osx-arm64/readline-8.2-h1d1bf99_2.conda
      - conda: https://conda.anaconda.org/conda-forge/osx-arm64/scipy-1.15.2-py311h0675101_0.conda
      - conda: https://conda.anaconda.org/conda-forge/osx-arm64/tk-8.6.13-h5083fa2_1.conda
      - conda: https://conda.anaconda.org/conda-forge/noarch/tzdata-2025b-h78e105d_0.conda
      - conda: https://conda.anaconda.org/conda-forge/osx-arm64/xz-5.6.4-h9a6d368_0.conda
      - conda: https://conda.anaconda.org/conda-forge/osx-arm64/xz-gpl-tools-5.6.4-h9a6d368_0.conda
      - conda: https://conda.anaconda.org/conda-forge/osx-arm64/xz-tools-5.6.4-h39f12f2_0.conda
packages:
- conda: https://conda.anaconda.org/conda-forge/osx-arm64/bzip2-1.0.8-h99b78c6_7.conda
  sha256: adfa71f158cbd872a36394c56c3568e6034aa55c623634b37a4836bd036e6b91
  md5: fc6948412dbbbe9a4c9ddbbcfe0a79ab
  depends:
  - __osx >=11.0
  arch: arm64
  platform: osx
  license: bzip2-1.0.6
  license_family: BSD
  size: 122909
  timestamp: 1720974522888
- conda: https://conda.anaconda.org/conda-forge/osx-arm64/ca-certificates-2025.1.31-hf0a4a13_0.conda
  sha256: 7e12816618173fe70f5c638b72adf4bfd4ddabf27794369bb17871c5bb75b9f9
  md5: 3569d6a9141adc64d2fe4797f3289e06
  arch: arm64
  platform: osx
  license: ISC
  size: 158425
  timestamp: 1738298167688
- conda: https://conda.anaconda.org/conda-forge/osx-arm64/libblas-3.9.0-31_h10e41b3_openblas.conda
  build_number: 31
  sha256: 369586e7688b59b4f92c709b99d847d66d4d095425db327dd32ee5e6ab74697f
  md5: 39b053da5e7035c6592102280aa7612a
  depends:
  - libopenblas >=0.3.29,<0.3.30.0a0
  - libopenblas >=0.3.29,<1.0a0
  constrains:
  - liblapacke =3.9.0=31*_openblas
  - libcblas =3.9.0=31*_openblas
  - blas =2.131=openblas
  - mkl <2025
  - liblapack =3.9.0=31*_openblas
  arch: arm64
  platform: osx
  license: BSD-3-Clause
  license_family: BSD
  size: 17123
  timestamp: 1740088119350
- conda: https://conda.anaconda.org/conda-forge/osx-arm64/libcblas-3.9.0-31_hb3479ef_openblas.conda
  build_number: 31
  sha256: f237486cc9118d09d0f3ff8820280de34365f98ee7b7dc5ab923b04c7cbf25a5
  md5: 7353c2bf0e90834cb70545671996d871
  depends:
  - libblas 3.9.0 31_h10e41b3_openblas
  constrains:
  - liblapacke =3.9.0=31*_openblas
  - blas =2.131=openblas
  - liblapack =3.9.0=31*_openblas
  arch: arm64
  platform: osx
  license: BSD-3-Clause
  license_family: BSD
  size: 17032
  timestamp: 1740088127097
- conda: https://conda.anaconda.org/conda-forge/osx-arm64/libcxx-20.1.1-ha82da77_0.conda
  sha256: 80dd8ae3fbcf508ed72f074ada2c7784298e822e8d19c3b84c266bb31456d77c
  md5: 833c4899914bf96caf64b52ef415e319
  depends:
  - __osx >=11.0
  arch: arm64
  platform: osx
  license: Apache-2.0 WITH LLVM-exception
  license_family: Apache
  size: 561543
  timestamp: 1742449846779
- conda: https://conda.anaconda.org/conda-forge/osx-arm64/libffi-3.4.2-h3422bc3_5.tar.bz2
  sha256: 41b3d13efb775e340e4dba549ab5c029611ea6918703096b2eaa9c015c0750ca
  md5: 086914b672be056eb70fd4285b6783b6
  arch: arm64
  platform: osx
  license: MIT
  license_family: MIT
  size: 39020
  timestamp: 1636488587153
- conda: https://conda.anaconda.org/conda-forge/osx-arm64/libgfortran-5.0.0-13_2_0_hd922786_3.conda
  sha256: 44e541b4821c96b28b27fef5630883a60ce4fee91fd9c79f25a199f8f73f337b
  md5: 4a55d9e169114b2b90d3ec4604cd7bbf
  depends:
  - libgfortran5 13.2.0 hf226fd6_3
  arch: arm64
  platform: osx
  license: GPL-3.0-only WITH GCC-exception-3.1
  license_family: GPL
  size: 110233
  timestamp: 1707330749033
- conda: https://conda.anaconda.org/conda-forge/osx-arm64/libgfortran5-13.2.0-hf226fd6_3.conda
  sha256: bafc679eedb468a86aa4636061c55966186399ee0a04b605920d208d97ac579a
  md5: 66ac81d54e95c534ae488726c1f698ea
  depends:
  - llvm-openmp >=8.0.0
  constrains:
  - libgfortran 5.0.0 13_2_0_*_3
  arch: arm64
  platform: osx
  license: GPL-3.0-only WITH GCC-exception-3.1
  license_family: GPL
  size: 997381
  timestamp: 1707330687590
- conda: https://conda.anaconda.org/conda-forge/osx-arm64/liblapack-3.9.0-31_hc9a63f6_openblas.conda
  build_number: 31
  sha256: fe55b9aaf82c6c0192c3d1fcc9b8e884f97492dda9a8de5dae29334b3135fab5
  md5: ff57a55a2cbce171ef5707fb463caf19
  depends:
  - libblas 3.9.0 31_h10e41b3_openblas
  constrains:
  - liblapacke =3.9.0=31*_openblas
  - libcblas =3.9.0=31*_openblas
  - blas =2.131=openblas
  arch: arm64
  platform: osx
  license: BSD-3-Clause
  license_family: BSD
  size: 17033
  timestamp: 1740088134988
- conda: https://conda.anaconda.org/conda-forge/osx-arm64/liblzma-5.6.4-h39f12f2_0.conda
  sha256: 560c59d3834cc652a84fb45531bd335ad06e271b34ebc216e380a89798fe8e2c
  md5: e3fd1f8320a100f2b210e690a57cd615
  depends:
  - __osx >=11.0
  arch: arm64
  platform: osx
  license: 0BSD
  size: 98945
  timestamp: 1738525462560
- conda: https://conda.anaconda.org/conda-forge/osx-arm64/liblzma-devel-5.6.4-h39f12f2_0.conda
  sha256: b5585156354258a85c7739039b6793e42324d29a24952fac8a9311cf2b6fff7a
  md5: 5789af7c91332d5d5693d3afd499b9eb
  depends:
  - __osx >=11.0
  - liblzma 5.6.4 h39f12f2_0
  arch: arm64
  platform: osx
  license: 0BSD
  size: 113696
  timestamp: 1738525475905
- conda: https://conda.anaconda.org/conda-forge/osx-arm64/libopenblas-0.3.29-openmp_hf332438_0.conda
  sha256: 8989d9e01ec8c9b2d48dbb5efbe70b356fcd15990fb53b64fcb84798982c0343
  md5: 0cd1148c68f09027ee0b0f0179f77c30
  depends:
  - __osx >=11.0
  - libgfortran 5.*
  - libgfortran5 >=13.2.0
  - llvm-openmp >=18.1.8
  constrains:
  - openblas >=0.3.29,<0.3.30.0a0
  arch: arm64
  platform: osx
  license: BSD-3-Clause
  license_family: BSD
  size: 4168442
  timestamp: 1739825514918
- conda: https://conda.anaconda.org/conda-forge/osx-arm64/libsqlite-3.49.1-h3f77e49_2.conda
  sha256: 907a95f73623c343fc14785cbfefcb7a6b4f2bcf9294fcb295c121611c3a590d
  md5: 3b1e330d775170ac46dff9a94c253bd0
  depends:
  - __osx >=11.0
  - libzlib >=1.3.1,<2.0a0
  arch: arm64
  platform: osx
  license: Unlicense
  size: 900188
  timestamp: 1742083865246
- conda: https://conda.anaconda.org/conda-forge/osx-arm64/libzlib-1.3.1-h8359307_2.conda
  sha256: ce34669eadaba351cd54910743e6a2261b67009624dbc7daeeafdef93616711b
  md5: 369964e85dc26bfe78f41399b366c435
  depends:
  - __osx >=11.0
  constrains:
  - zlib 1.3.1 *_2
  arch: arm64
  platform: osx
  license: Zlib
  license_family: Other
  size: 46438
  timestamp: 1727963202283
- conda: https://conda.anaconda.org/conda-forge/osx-arm64/llvm-openmp-20.1.1-hdb05f8b_1.conda
  sha256: ae57041a588cd190cb55b602c1ed0ef3604ce28d3891515386a85693edd3c175
  md5: 97236e94c3a82367c5fe3a90557e6207
  depends:
  - __osx >=11.0
  constrains:
  - openmp 20.1.1|20.1.1.*
  arch: arm64
  platform: osx
  license: Apache-2.0 WITH LLVM-exception
  license_family: APACHE
  size: 282105
  timestamp: 1742533199558
- conda: https://conda.anaconda.org/conda-forge/osx-arm64/ncurses-6.5-h5e97a16_3.conda
  sha256: 2827ada40e8d9ca69a153a45f7fd14f32b2ead7045d3bbb5d10964898fe65733
  md5: 068d497125e4bf8a66bf707254fff5ae
  depends:
  - __osx >=11.0
  arch: arm64
  platform: osx
  license: X11 AND BSD-3-Clause
  size: 797030
  timestamp: 1738196177597
- conda: https://conda.anaconda.org/conda-forge/osx-arm64/numpy-2.2.4-py311h762c074_0.conda
  sha256: 87c8b96560398a4f39dab87dee3c4aab3e7296744302dab2915c223094c0159d
  md5: 602a97eb615fcf5c7d94da0282a35bb5
  depends:
  - __osx >=11.0
  - libblas >=3.9.0,<4.0a0
  - libcblas >=3.9.0,<4.0a0
  - libcxx >=18
  - liblapack >=3.9.0,<4.0a0
  - python >=3.11,<3.12.0a0
  - python >=3.11,<3.12.0a0 *_cpython
  - python_abi 3.11.* *_cp311
  constrains:
  - numpy-base <0a0
  arch: arm64
  platform: osx
  license: BSD-3-Clause
  license_family: BSD
  size: 7112931
  timestamp: 1742255398013
- conda: https://conda.anaconda.org/conda-forge/osx-arm64/openssl-3.0.16-h81ee809_0.conda
  sha256: fc344e3549630ed77ae1d6d034b81218b20ecbb568b0b554194097296ddff1a3
  md5: f6b9a88bf092ef89c9fa4bbe73f2f885
  depends:
  - __osx >=11.0
  - ca-certificates
  constrains:
  - pyopenssl >=22.1
  arch: arm64
  platform: osx
  license: Apache-2.0
  license_family: Apache
  size: 2130447
  timestamp: 1739319850422
- conda: https://conda.anaconda.org/conda-forge/osx-arm64/python-3.11.0-h3ba56d0_1_cpython.conda
  build_number: 1
  sha256: 28a54d78cd2624a12bd2ceb0f1816b0cba9b4fd97df846b5843b3c1d51642ab2
  md5: 2aa7ca3702d9afd323ca34a9d98879d1
  depends:
  - bzip2 >=1.0.8,<2.0a0
  - libffi >=3.4,<4.0a0
  - libsqlite >=3.40.0,<4.0a0
  - libzlib >=1.2.13,<2.0.0a0
  - ncurses >=6.3,<7.0a0
  - openssl >=3.0.7,<4.0a0
  - readline >=8.1.2,<9.0a0
  - tk >=8.6.12,<8.7.0a0
  - tzdata
  - xz >=5.2.6,<6.0a0
  constrains:
  - python_abi 3.11.* *_cp311
  arch: arm64
  platform: osx
  license: Python-2.0
  size: 14492975
  timestamp: 1673699560906
- conda: https://conda.anaconda.org/conda-forge/osx-arm64/python_abi-3.11-5_cp311.conda
  build_number: 5
  sha256: adc05729b7e0aca7b436e60a86f10822a92185dfcb48d66d6444e3629d3a1f6a
  md5: 3b855e3734344134cb56c410f729c340
  constrains:
  - python 3.11.* *_cpython
  arch: arm64
  platform: osx
  license: BSD-3-Clause
  license_family: BSD
  size: 6308
  timestamp: 1723823096865
- conda: https://conda.anaconda.org/conda-forge/osx-arm64/readline-8.2-h1d1bf99_2.conda
  sha256: 7db04684d3904f6151eff8673270922d31da1eea7fa73254d01c437f49702e34
  md5: 63ef3f6e6d6d5c589e64f11263dc5676
  depends:
  - ncurses >=6.5,<7.0a0
  arch: arm64
  platform: osx
  license: GPL-3.0-only
  license_family: GPL
  size: 252359
  timestamp: 1740379663071
- conda: https://conda.anaconda.org/conda-forge/osx-arm64/scipy-1.15.2-py311h0675101_0.conda
  sha256: bc3e873e85c55deaaad446c410d9001d12a133c1b48fa2cb0050b4f46f926aa3
  md5: df904770f3fdb6c0265a09cdc22acf54
  depends:
  - __osx >=11.0
  - libblas >=3.9.0,<4.0a0
  - libcblas >=3.9.0,<4.0a0
  - libcxx >=18
  - libgfortran 5.*
  - libgfortran5 >=13.2.0
  - liblapack >=3.9.0,<4.0a0
  - numpy <2.5
  - numpy >=1.19,<3
  - numpy >=1.23.5
  - python >=3.11,<3.12.0a0
  - python >=3.11,<3.12.0a0 *_cpython
  - python_abi 3.11.* *_cp311
  arch: arm64
  platform: osx
  license: BSD-3-Clause
  license_family: BSD
  size: 14569129
  timestamp: 1739792318601
- conda: https://conda.anaconda.org/conda-forge/osx-arm64/tk-8.6.13-h5083fa2_1.conda
  sha256: 72457ad031b4c048e5891f3f6cb27a53cb479db68a52d965f796910e71a403a8
  md5: b50a57ba89c32b62428b71a875291c9b
  depends:
  - libzlib >=1.2.13,<2.0.0a0
  arch: arm64
  platform: osx
  license: TCL
  license_family: BSD
  size: 3145523
  timestamp: 1699202432999
- conda: https://conda.anaconda.org/conda-forge/noarch/tzdata-2025b-h78e105d_0.conda
  sha256: 5aaa366385d716557e365f0a4e9c3fca43ba196872abbbe3d56bb610d131e192
  md5: 4222072737ccff51314b5ece9c7d6f5a
  license: LicenseRef-Public-Domain
  size: 122968
  timestamp: 1742727099393
- conda: https://conda.anaconda.org/conda-forge/osx-arm64/xz-5.6.4-h9a6d368_0.conda
  sha256: 0ca773e9d3af963414ac9d78c699c5048902bd336fbc989480c5e8a297cfcd10
  md5: b6e676c2c7fde19f56e052acb6acc540
  depends:
  - __osx >=11.0
  - liblzma 5.6.4 h39f12f2_0
  - liblzma-devel 5.6.4 h39f12f2_0
  - xz-gpl-tools 5.6.4 h9a6d368_0
  - xz-tools 5.6.4 h39f12f2_0
  arch: arm64
  platform: osx
  license: 0BSD AND LGPL-2.1-or-later AND GPL-2.0-or-later
  size: 23661
  timestamp: 1738525523535
- conda: https://conda.anaconda.org/conda-forge/osx-arm64/xz-gpl-tools-5.6.4-h9a6d368_0.conda
  sha256: a380a32a392df8e9c03399197d3e3c6da1b98873b8733b8a9e22d3689a775471
  md5: a2580f5af9e67d0e44a97c015eea94d3
  depends:
  - __osx >=11.0
  - liblzma 5.6.4 h39f12f2_0
  arch: arm64
  platform: osx
  license: 0BSD AND LGPL-2.1-or-later AND GPL-2.0-or-later
  size: 33416
  timestamp: 1738525507604
- conda: https://conda.anaconda.org/conda-forge/osx-arm64/xz-tools-5.6.4-h39f12f2_0.conda
  sha256: 4f18cc820f63ad3783c38763eb84132db00940d3291c0d03dc66ec8582e0cf84
  md5: e0ecdb9bfea05d0a763453071e375fc6
  depends:
  - __osx >=11.0
  - liblzma 5.6.4 h39f12f2_0
  arch: arm64
  platform: osx
  license: 0BSD AND LGPL-2.1-or-later
  size: 81197
  timestamp: 1738525493814
